
Microsoft Visual Studio Solution File, Format Version 12.00
# Visual Studio 15
VisualStudioVersion = 15.0.26730.15
MinimumVisualStudioVersion = 10.0.40219.1
Project("{FAE04EC0-301F-11D3-BF4B-00C04F79EFBC}") = "TicTacToeAssignment", "TicTacToeAssignment\TicTacToeAssignment.csproj", "{D635CDA3-C90A-4503-A3FA-5F5EC4970DA9}"
EndProject
Global
	GlobalSection(SolutionConfigurationPlatforms) = preSolution
		Debug|Any CPU = Debug|Any CPU
		Release|Any CPU = Release|Any CPU
	EndGlobalSection
	GlobalSection(ProjectConfigurationPlatforms) = postSolution
		{D635CDA3-C90A-4503-A3FA-5F5EC4970DA9}.Debug|Any CPU.ActiveCfg = Debug|Any CPU
		{D635CDA3-C90A-4503-A3FA-5F5EC4970DA9}.Debug|Any CPU.Build.0 = Debug|Any CPU
		{D635CDA3-C90A-4503-A3FA-5F5EC4970DA9}.Release|Any CPU.ActiveCfg = Release|Any CPU
		{D635CDA3-C90A-4503-A3FA-5F5EC4970DA9}.Release|Any CPU.Build.0 = Release|Any CPU
	EndGlobalSection
	GlobalSection(SolutionProperties) = preSolution
		HideSolutionNode = FALSE
	EndGlobalSection
	GlobalSection(ExtensibilityGlobals) = postSolution
		SolutionGuid = {921F03BE-0C63-45C5-8BA9-B077EA77C1C5}
	EndGlobalSection
EndGlobal
